// !$*UTF8*$!
{
	archiveVersion = 1;
	classes = {
	};
	objectVersion = 50;
	objects = {

/* Begin PBXBuildFile section */
		272981938C0B74AD005DB749 /* Pods_Flixter_FlixterUITests.framework in Frameworks */ = {isa = PBXBuildFile; fileRef = 1A6ACBB75331825B28417F58 /* Pods_Flixter_FlixterUITests.framework */; };
		53F1F96329BEF0921A4DDFA1 /* Pods_Flixter.framework in Frameworks */ = {isa = PBXBuildFile; fileRef = 72A1EE47508654C9D67E3264 /* Pods_Flixter.framework */; };
		A4634808C42C59BF903B8E25 /* Pods_FlixterTests.framework in Frameworks */ = {isa = PBXBuildFile; fileRef = EF1C2B84AD45082E8EF02BDA /* Pods_FlixterTests.framework */; };
		D0CB520725D3672D0097E588 /* AppDelegate.swift in Sources */ = {isa = PBXBuildFile; fileRef = D0CB520625D3672D0097E588 /* AppDelegate.swift */; };
		D0CB520925D3672D0097E588 /* SceneDelegate.swift in Sources */ = {isa = PBXBuildFile; fileRef = D0CB520825D3672D0097E588 /* SceneDelegate.swift */; };
		D0CB520E25D3672D0097E588 /* Main.storyboard in Resources */ = {isa = PBXBuildFile; fileRef = D0CB520C25D3672D0097E588 /* Main.storyboard */; };
		D0CB521025D3672D0097E588 /* Assets.xcassets in Resources */ = {isa = PBXBuildFile; fileRef = D0CB520F25D3672D0097E588 /* Assets.xcassets */; };
		D0CB521325D3672D0097E588 /* LaunchScreen.storyboard in Resources */ = {isa = PBXBuildFile; fileRef = D0CB521125D3672D0097E588 /* LaunchScreen.storyboard */; };
		D0CB521E25D3672E0097E588 /* FlixterTests.swift in Sources */ = {isa = PBXBuildFile; fileRef = D0CB521D25D3672E0097E588 /* FlixterTests.swift */; };
		D0CB522925D3672E0097E588 /* FlixterUITests.swift in Sources */ = {isa = PBXBuildFile; fileRef = D0CB522825D3672E0097E588 /* FlixterUITests.swift */; };
		D0CB523D25D36B040097E588 /* MoviesViewController.swift in Sources */ = {isa = PBXBuildFile; fileRef = D0CB523C25D36B040097E588 /* MoviesViewController.swift */; };
		D0CB524225D3A1900097E588 /* MovieCell.swift in Sources */ = {isa = PBXBuildFile; fileRef = D0CB524125D3A1900097E588 /* MovieCell.swift */; };
/* End PBXBuildFile section */

/* Begin PBXContainerItemProxy section */
		D0CB521A25D3672E0097E588 /* PBXContainerItemProxy */ = {
			isa = PBXContainerItemProxy;
			containerPortal = D0CB51FB25D3672C0097E588 /* Project object */;
			proxyType = 1;
			remoteGlobalIDString = D0CB520225D3672D0097E588;
			remoteInfo = Flixter;
		};
		D0CB522525D3672E0097E588 /* PBXContainerItemProxy */ = {
			isa = PBXContainerItemProxy;
			containerPortal = D0CB51FB25D3672C0097E588 /* Project object */;
			proxyType = 1;
			remoteGlobalIDString = D0CB520225D3672D0097E588;
			remoteInfo = Flixter;
		};
/* End PBXContainerItemProxy section */

/* Begin PBXFileReference section */
		0A223F64DAD56B913320A85E /* Pods-Flixter-FlixterUITests.release.xcconfig */ = {isa = PBXFileReference; includeInIndex = 1; lastKnownFileType = text.xcconfig; name = "Pods-Flixter-FlixterUITests.release.xcconfig"; path = "Target Support Files/Pods-Flixter-FlixterUITests/Pods-Flixter-FlixterUITests.release.xcconfig"; sourceTree = "<group>"; };
		16FAB242E4F24ED628CBE6A5 /* Pods-Flixter.debug.xcconfig */ = {isa = PBXFileReference; includeInIndex = 1; lastKnownFileType = text.xcconfig; name = "Pods-Flixter.debug.xcconfig"; path = "Target Support Files/Pods-Flixter/Pods-Flixter.debug.xcconfig"; sourceTree = "<group>"; };
		1A6ACBB75331825B28417F58 /* Pods_Flixter_FlixterUITests.framework */ = {isa = PBXFileReference; explicitFileType = wrapper.framework; includeInIndex = 0; path = Pods_Flixter_FlixterUITests.framework; sourceTree = BUILT_PRODUCTS_DIR; };
		4141F0D0062C559D8B2B11A5 /* Pods-Flixter-FlixterUITests.debug.xcconfig */ = {isa = PBXFileReference; includeInIndex = 1; lastKnownFileType = text.xcconfig; name = "Pods-Flixter-FlixterUITests.debug.xcconfig"; path = "Target Support Files/Pods-Flixter-FlixterUITests/Pods-Flixter-FlixterUITests.debug.xcconfig"; sourceTree = "<group>"; };
		72A1EE47508654C9D67E3264 /* Pods_Flixter.framework */ = {isa = PBXFileReference; explicitFileType = wrapper.framework; includeInIndex = 0; path = Pods_Flixter.framework; sourceTree = BUILT_PRODUCTS_DIR; };
		766C4665600213F1D4D69F7B /* Pods-FlixterTests.release.xcconfig */ = {isa = PBXFileReference; includeInIndex = 1; lastKnownFileType = text.xcconfig; name = "Pods-FlixterTests.release.xcconfig"; path = "Target Support Files/Pods-FlixterTests/Pods-FlixterTests.release.xcconfig"; sourceTree = "<group>"; };
		797EE0536EA8A66210190D70 /* Pods-FlixterTests.debug.xcconfig */ = {isa = PBXFileReference; includeInIndex = 1; lastKnownFileType = text.xcconfig; name = "Pods-FlixterTests.debug.xcconfig"; path = "Target Support Files/Pods-FlixterTests/Pods-FlixterTests.debug.xcconfig"; sourceTree = "<group>"; };
		BECE73B13335588B749B59C4 /* Pods-Flixter.release.xcconfig */ = {isa = PBXFileReference; includeInIndex = 1; lastKnownFileType = text.xcconfig; name = "Pods-Flixter.release.xcconfig"; path = "Target Support Files/Pods-Flixter/Pods-Flixter.release.xcconfig"; sourceTree = "<group>"; };
		D0CB520325D3672D0097E588 /* Flixter.app */ = {isa = PBXFileReference; explicitFileType = wrapper.application; includeInIndex = 0; path = Flixter.app; sourceTree = BUILT_PRODUCTS_DIR; };
		D0CB520625D3672D0097E588 /* AppDelegate.swift */ = {isa = PBXFileReference; lastKnownFileType = sourcecode.swift; path = AppDelegate.swift; sourceTree = "<group>"; };
		D0CB520825D3672D0097E588 /* SceneDelegate.swift */ = {isa = PBXFileReference; lastKnownFileType = sourcecode.swift; path = SceneDelegate.swift; sourceTree = "<group>"; };
		D0CB520D25D3672D0097E588 /* Base */ = {isa = PBXFileReference; lastKnownFileType = file.storyboard; name = Base; path = Base.lproj/Main.storyboard; sourceTree = "<group>"; };
		D0CB520F25D3672D0097E588 /* Assets.xcassets */ = {isa = PBXFileReference; lastKnownFileType = folder.assetcatalog; path = Assets.xcassets; sourceTree = "<group>"; };
		D0CB521225D3672D0097E588 /* Base */ = {isa = PBXFileReference; lastKnownFileType = file.storyboard; name = Base; path = Base.lproj/LaunchScreen.storyboard; sourceTree = "<group>"; };
		D0CB521425D3672D0097E588 /* Info.plist */ = {isa = PBXFileReference; lastKnownFileType = text.plist.xml; path = Info.plist; sourceTree = "<group>"; };
		D0CB521925D3672E0097E588 /* FlixterTests.xctest */ = {isa = PBXFileReference; explicitFileType = wrapper.cfbundle; includeInIndex = 0; path = FlixterTests.xctest; sourceTree = BUILT_PRODUCTS_DIR; };
		D0CB521D25D3672E0097E588 /* FlixterTests.swift */ = {isa = PBXFileReference; lastKnownFileType = sourcecode.swift; path = FlixterTests.swift; sourceTree = "<group>"; };
		D0CB521F25D3672E0097E588 /* Info.plist */ = {isa = PBXFileReference; lastKnownFileType = text.plist.xml; path = Info.plist; sourceTree = "<group>"; };
		D0CB522425D3672E0097E588 /* FlixterUITests.xctest */ = {isa = PBXFileReference; explicitFileType = wrapper.cfbundle; includeInIndex = 0; path = FlixterUITests.xctest; sourceTree = BUILT_PRODUCTS_DIR; };
		D0CB522825D3672E0097E588 /* FlixterUITests.swift */ = {isa = PBXFileReference; lastKnownFileType = sourcecode.swift; path = FlixterUITests.swift; sourceTree = "<group>"; };
		D0CB522A25D3672E0097E588 /* Info.plist */ = {isa = PBXFileReference; lastKnownFileType = text.plist.xml; path = Info.plist; sourceTree = "<group>"; };
		D0CB523C25D36B040097E588 /* MoviesViewController.swift */ = {isa = PBXFileReference; lastKnownFileType = sourcecode.swift; path = MoviesViewController.swift; sourceTree = "<group>"; };
		D0CB524125D3A1900097E588 /* MovieCell.swift */ = {isa = PBXFileReference; lastKnownFileType = sourcecode.swift; path = MovieCell.swift; sourceTree = "<group>"; };
		EF1C2B84AD45082E8EF02BDA /* Pods_FlixterTests.framework */ = {isa = PBXFileReference; explicitFileType = wrapper.framework; includeInIndex = 0; path = Pods_FlixterTests.framework; sourceTree = BUILT_PRODUCTS_DIR; };
/* End PBXFileReference section */

/* Begin PBXFrameworksBuildPhase section */
		D0CB520025D3672D0097E588 /* Frameworks */ = {
			isa = PBXFrameworksBuildPhase;
			buildActionMask = 2147483647;
			files = (
				53F1F96329BEF0921A4DDFA1 /* Pods_Flixter.framework in Frameworks */,
			);
			runOnlyForDeploymentPostprocessing = 0;
		};
		D0CB521625D3672E0097E588 /* Frameworks */ = {
			isa = PBXFrameworksBuildPhase;
			buildActionMask = 2147483647;
			files = (
				A4634808C42C59BF903B8E25 /* Pods_FlixterTests.framework in Frameworks */,
			);
			runOnlyForDeploymentPostprocessing = 0;
		};
		D0CB522125D3672E0097E588 /* Frameworks */ = {
			isa = PBXFrameworksBuildPhase;
			buildActionMask = 2147483647;
			files = (
				272981938C0B74AD005DB749 /* Pods_Flixter_FlixterUITests.framework in Frameworks */,
			);
			runOnlyForDeploymentPostprocessing = 0;
		};
/* End PBXFrameworksBuildPhase section */

/* Begin PBXGroup section */
		4397865281ACBD1997CC771C /* Pods */ = {
			isa = PBXGroup;
			children = (
				16FAB242E4F24ED628CBE6A5 /* Pods-Flixter.debug.xcconfig */,
				BECE73B13335588B749B59C4 /* Pods-Flixter.release.xcconfig */,
				4141F0D0062C559D8B2B11A5 /* Pods-Flixter-FlixterUITests.debug.xcconfig */,
				0A223F64DAD56B913320A85E /* Pods-Flixter-FlixterUITests.release.xcconfig */,
				797EE0536EA8A66210190D70 /* Pods-FlixterTests.debug.xcconfig */,
				766C4665600213F1D4D69F7B /* Pods-FlixterTests.release.xcconfig */,
			);
			name = Pods;
			path = Pods;
			sourceTree = "<group>";
		};
		D0CB51FA25D3672C0097E588 = {
			isa = PBXGroup;
			children = (
				D0CB520525D3672D0097E588 /* Flixter */,
				D0CB521C25D3672E0097E588 /* FlixterTests */,
				D0CB522725D3672E0097E588 /* FlixterUITests */,
				D0CB520425D3672D0097E588 /* Products */,
				4397865281ACBD1997CC771C /* Pods */,
				FBD3BD13B730AE6CEFDF783E /* Frameworks */,
			);
			sourceTree = "<group>";
		};
		D0CB520425D3672D0097E588 /* Products */ = {
			isa = PBXGroup;
			children = (
				D0CB520325D3672D0097E588 /* Flixter.app */,
				D0CB521925D3672E0097E588 /* FlixterTests.xctest */,
				D0CB522425D3672E0097E588 /* FlixterUITests.xctest */,
			);
			name = Products;
			sourceTree = "<group>";
		};
		D0CB520525D3672D0097E588 /* Flixter */ = {
			isa = PBXGroup;
			children = (
				D0CB520625D3672D0097E588 /* AppDelegate.swift */,
				D0CB520825D3672D0097E588 /* SceneDelegate.swift */,
				D0CB520C25D3672D0097E588 /* Main.storyboard */,
				D0CB520F25D3672D0097E588 /* Assets.xcassets */,
				D0CB521125D3672D0097E588 /* LaunchScreen.storyboard */,
				D0CB521425D3672D0097E588 /* Info.plist */,
				D0CB523C25D36B040097E588 /* MoviesViewController.swift */,
				D0CB524125D3A1900097E588 /* MovieCell.swift */,
			);
			path = Flixter;
			sourceTree = "<group>";
		};
		D0CB521C25D3672E0097E588 /* FlixterTests */ = {
			isa = PBXGroup;
			children = (
				D0CB521D25D3672E0097E588 /* FlixterTests.swift */,
				D0CB521F25D3672E0097E588 /* Info.plist */,
			);
			path = FlixterTests;
			sourceTree = "<group>";
		};
		D0CB522725D3672E0097E588 /* FlixterUITests */ = {
			isa = PBXGroup;
			children = (
				D0CB522825D3672E0097E588 /* FlixterUITests.swift */,
				D0CB522A25D3672E0097E588 /* Info.plist */,
			);
			path = FlixterUITests;
			sourceTree = "<group>";
		};
		FBD3BD13B730AE6CEFDF783E /* Frameworks */ = {
			isa = PBXGroup;
			children = (
				72A1EE47508654C9D67E3264 /* Pods_Flixter.framework */,
				1A6ACBB75331825B28417F58 /* Pods_Flixter_FlixterUITests.framework */,
				EF1C2B84AD45082E8EF02BDA /* Pods_FlixterTests.framework */,
			);
			name = Frameworks;
			sourceTree = "<group>";
		};
/* End PBXGroup section */

/* Begin PBXNativeTarget section */
		D0CB520225D3672D0097E588 /* Flixter */ = {
			isa = PBXNativeTarget;
			buildConfigurationList = D0CB522D25D3672E0097E588 /* Build configuration list for PBXNativeTarget "Flixter" */;
			buildPhases = (
				07D7DE42C132FE66E37F23D3 /* [CP] Check Pods Manifest.lock */,
				D0CB51FF25D3672D0097E588 /* Sources */,
				D0CB520025D3672D0097E588 /* Frameworks */,
				D0CB520125D3672D0097E588 /* Resources */,
				9FD2D6A78C3DD06E42B90201 /* [CP] Embed Pods Frameworks */,
			);
			buildRules = (
			);
			dependencies = (
			);
			name = Flixter;
			productName = Flixter;
			productReference = D0CB520325D3672D0097E588 /* Flixter.app */;
			productType = "com.apple.product-type.application";
		};
		D0CB521825D3672E0097E588 /* FlixterTests */ = {
			isa = PBXNativeTarget;
			buildConfigurationList = D0CB523025D3672E0097E588 /* Build configuration list for PBXNativeTarget "FlixterTests" */;
			buildPhases = (
				71BCCE090D224B5C1EB97273 /* [CP] Check Pods Manifest.lock */,
				D0CB521525D3672E0097E588 /* Sources */,
				D0CB521625D3672E0097E588 /* Frameworks */,
				D0CB521725D3672E0097E588 /* Resources */,
			);
			buildRules = (
			);
			dependencies = (
				D0CB521B25D3672E0097E588 /* PBXTargetDependency */,
			);
			name = FlixterTests;
			productName = FlixterTests;
			productReference = D0CB521925D3672E0097E588 /* FlixterTests.xctest */;
			productType = "com.apple.product-type.bundle.unit-test";
		};
		D0CB522325D3672E0097E588 /* FlixterUITests */ = {
			isa = PBXNativeTarget;
			buildConfigurationList = D0CB523325D3672E0097E588 /* Build configuration list for PBXNativeTarget "FlixterUITests" */;
			buildPhases = (
				CFA94D189BC4FA140E72E52B /* [CP] Check Pods Manifest.lock */,
				D0CB522025D3672E0097E588 /* Sources */,
				D0CB522125D3672E0097E588 /* Frameworks */,
				D0CB522225D3672E0097E588 /* Resources */,
				969CB64B1B28F6F44D1CD8EF /* [CP] Embed Pods Frameworks */,
			);
			buildRules = (
			);
			dependencies = (
				D0CB522625D3672E0097E588 /* PBXTargetDependency */,
			);
			name = FlixterUITests;
			productName = FlixterUITests;
			productReference = D0CB522425D3672E0097E588 /* FlixterUITests.xctest */;
			productType = "com.apple.product-type.bundle.ui-testing";
		};
/* End PBXNativeTarget section */

/* Begin PBXProject section */
		D0CB51FB25D3672C0097E588 /* Project object */ = {
			isa = PBXProject;
			attributes = {
				LastSwiftUpdateCheck = 1240;
				LastUpgradeCheck = 1240;
				TargetAttributes = {
					D0CB520225D3672D0097E588 = {
						CreatedOnToolsVersion = 12.4;
					};
					D0CB521825D3672E0097E588 = {
						CreatedOnToolsVersion = 12.4;
						TestTargetID = D0CB520225D3672D0097E588;
					};
					D0CB522325D3672E0097E588 = {
						CreatedOnToolsVersion = 12.4;
						TestTargetID = D0CB520225D3672D0097E588;
					};
				};
			};
			buildConfigurationList = D0CB51FE25D3672C0097E588 /* Build configuration list for PBXProject "Flixter" */;
			compatibilityVersion = "Xcode 9.3";
			developmentRegion = en;
			hasScannedForEncodings = 0;
			knownRegions = (
				en,
				Base,
			);
			mainGroup = D0CB51FA25D3672C0097E588;
			productRefGroup = D0CB520425D3672D0097E588 /* Products */;
			projectDirPath = "";
			projectRoot = "";
			targets = (
				D0CB520225D3672D0097E588 /* Flixter */,
				D0CB521825D3672E0097E588 /* FlixterTests */,
				D0CB522325D3672E0097E588 /* FlixterUITests */,
			);
		};
/* End PBXProject section */

/* Begin PBXResourcesBuildPhase section */
		D0CB520125D3672D0097E588 /* Resources */ = {
			isa = PBXResourcesBuildPhase;
			buildActionMask = 2147483647;
			files = (
				D0CB521325D3672D0097E588 /* LaunchScreen.storyboard in Resources */,
				D0CB521025D3672D0097E588 /* Assets.xcassets in Resources */,
				D0CB520E25D3672D0097E588 /* Main.storyboard in Resources */,
			);
			runOnlyForDeploymentPostprocessing = 0;
		};
		D0CB521725D3672E0097E588 /* Resources */ = {
			isa = PBXResourcesBuildPhase;
			buildActionMask = 2147483647;
			files = (
			);
			runOnlyForDeploymentPostprocessing = 0;
		};
		D0CB522225D3672E0097E588 /* Resources */ = {
			isa = PBXResourcesBuildPhase;
			buildActionMask = 2147483647;
			files = (
			);
			runOnlyForDeploymentPostprocessing = 0;
		};
/* End PBXResourcesBuildPhase section */

/* Begin PBXShellScriptBuildPhase section */
		07D7DE42C132FE66E37F23D3 /* [CP] Check Pods Manifest.lock */ = {
			isa = PBXShellScriptBuildPhase;
			buildActionMask = 2147483647;
			files = (
			);
			inputFileListPaths = (
			);
			inputPaths = (
				"${PODS_PODFILE_DIR_PATH}/Podfile.lock",
				"${PODS_ROOT}/Manifest.lock",
			);
			name = "[CP] Check Pods Manifest.lock";
			outputFileListPaths = (
			);
			outputPaths = (
				"$(DERIVED_FILE_DIR)/Pods-Flixter-checkManifestLockResult.txt",
			);
			runOnlyForDeploymentPostprocessing = 0;
			shellPath = /bin/sh;
			shellScript = "diff \"${PODS_PODFILE_DIR_PATH}/Podfile.lock\" \"${PODS_ROOT}/Manifest.lock\" > /dev/null\nif [ $? != 0 ] ; then\n    # print error to STDERR\n    echo \"error: The sandbox is not in sync with the Podfile.lock. Run 'pod install' or update your CocoaPods installation.\" >&2\n    exit 1\nfi\n# This output is used by Xcode 'outputs' to avoid re-running this script phase.\necho \"SUCCESS\" > \"${SCRIPT_OUTPUT_FILE_0}\"\n";
			showEnvVarsInLog = 0;
		};
		71BCCE090D224B5C1EB97273 /* [CP] Check Pods Manifest.lock */ = {
			isa = PBXShellScriptBuildPhase;
			buildActionMask = 2147483647;
			files = (
			);
			inputFileListPaths = (
			);
			inputPaths = (
				"${PODS_PODFILE_DIR_PATH}/Podfile.lock",
				"${PODS_ROOT}/Manifest.lock",
			);
			name = "[CP] Check Pods Manifest.lock";
			outputFileListPaths = (
			);
			outputPaths = (
				"$(DERIVED_FILE_DIR)/Pods-FlixterTests-checkManifestLockResult.txt",
			);
			runOnlyForDeploymentPostprocessing = 0;
			shellPath = /bin/sh;
			shellScript = "diff \"${PODS_PODFILE_DIR_PATH}/Podfile.lock\" \"${PODS_ROOT}/Manifest.lock\" > /dev/null\nif [ $? != 0 ] ; then\n    # print error to STDERR\n    echo \"error: The sandbox is not in sync with the Podfile.lock. Run 'pod install' or update your CocoaPods installation.\" >&2\n    exit 1\nfi\n# This output is used by Xcode 'outputs' to avoid re-running this script phase.\necho \"SUCCESS\" > \"${SCRIPT_OUTPUT_FILE_0}\"\n";
			showEnvVarsInLog = 0;
		};
		969CB64B1B28F6F44D1CD8EF /* [CP] Embed Pods Frameworks */ = {
			isa = PBXShellScriptBuildPhase;
			buildActionMask = 2147483647;
			files = (
			);
			inputFileListPaths = (
				"${PODS_ROOT}/Target Support Files/Pods-Flixter-FlixterUITests/Pods-Flixter-FlixterUITests-frameworks-${CONFIGURATION}-input-files.xcfilelist",
			);
			name = "[CP] Embed Pods Frameworks";
			outputFileListPaths = (
				"${PODS_ROOT}/Target Support Files/Pods-Flixter-FlixterUITests/Pods-Flixter-FlixterUITests-frameworks-${CONFIGURATION}-output-files.xcfilelist",
			);
			runOnlyForDeploymentPostprocessing = 0;
			shellPath = /bin/sh;
			shellScript = "\"${PODS_ROOT}/Target Support Files/Pods-Flixter-FlixterUITests/Pods-Flixter-FlixterUITests-frameworks.sh\"\n";
			showEnvVarsInLog = 0;
		};
		9FD2D6A78C3DD06E42B90201 /* [CP] Embed Pods Frameworks */ = {
			isa = PBXShellScriptBuildPhase;
			buildActionMask = 2147483647;
			files = (
			);
			inputFileListPaths = (
				"${PODS_ROOT}/Target Support Files/Pods-Flixter/Pods-Flixter-frameworks-${CONFIGURATION}-input-files.xcfilelist",
			);
			name = "[CP] Embed Pods Frameworks";
			outputFileListPaths = (
				"${PODS_ROOT}/Target Support Files/Pods-Flixter/Pods-Flixter-frameworks-${CONFIGURATION}-output-files.xcfilelist",
			);
			runOnlyForDeploymentPostprocessing = 0;
			shellPath = /bin/sh;
			shellScript = "\"${PODS_ROOT}/Target Support Files/Pods-Flixter/Pods-Flixter-frameworks.sh\"\n";
			showEnvVarsInLog = 0;
		};
		CFA94D189BC4FA140E72E52B /* [CP] Check Pods Manifest.lock */ = {
			isa = PBXShellScriptBuildPhase;
			buildActionMask = 2147483647;
			files = (
			);
			inputFileListPaths = (
			);
			inputPaths = (
				"${PODS_PODFILE_DIR_PATH}/Podfile.lock",
				"${PODS_ROOT}/Manifest.lock",
			);
			name = "[CP] Check Pods Manifest.lock";
			outputFileListPaths = (
			);
			outputPaths = (
				"$(DERIVED_FILE_DIR)/Pods-Flixter-FlixterUITests-checkManifestLockResult.txt",
			);
			runOnlyForDeploymentPostprocessing = 0;
			shellPath = /bin/sh;
			shellScript = "diff \"${PODS_PODFILE_DIR_PATH}/Podfile.lock\" \"${PODS_ROOT}/Manifest.lock\" > /dev/null\nif [ $? != 0 ] ; then\n    # print error to STDERR\n    echo \"error: The sandbox is not in sync with the Podfile.lock. Run 'pod install' or update your CocoaPods installation.\" >&2\n    exit 1\nfi\n# This output is used by Xcode 'outputs' to avoid re-running this script phase.\necho \"SUCCESS\" > \"${SCRIPT_OUTPUT_FILE_0}\"\n";
			showEnvVarsInLog = 0;
		};
/* End PBXShellScriptBuildPhase section */

/* Begin PBXSourcesBuildPhase section */
		D0CB51FF25D3672D0097E588 /* Sources */ = {
			isa = PBXSourcesBuildPhase;
			buildActionMask = 2147483647;
			files = (
				D0CB520725D3672D0097E588 /* AppDelegate.swift in Sources */,
				D0CB520925D3672D0097E588 /* SceneDelegate.swift in Sources */,
				D0CB524225D3A1900097E588 /* MovieCell.swift in Sources */,
				D0CB523D25D36B040097E588 /* MoviesViewController.swift in Sources */,
			);
			runOnlyForDeploymentPostprocessing = 0;
		};
		D0CB521525D3672E0097E588 /* Sources */ = {
			isa = PBXSourcesBuildPhase;
			buildActionMask = 2147483647;
			files = (
				D0CB521E25D3672E0097E588 /* FlixterTests.swift in Sources */,
			);
			runOnlyForDeploymentPostprocessing = 0;
		};
		D0CB522025D3672E0097E588 /* Sources */ = {
			isa = PBXSourcesBuildPhase;
			buildActionMask = 2147483647;
			files = (
				D0CB522925D3672E0097E588 /* FlixterUITests.swift in Sources */,
			);
			runOnlyForDeploymentPostprocessing = 0;
		};
/* End PBXSourcesBuildPhase section */

/* Begin PBXTargetDependency section */
		D0CB521B25D3672E0097E588 /* PBXTargetDependency */ = {
			isa = PBXTargetDependency;
			target = D0CB520225D3672D0097E588 /* Flixter */;
			targetProxy = D0CB521A25D3672E0097E588 /* PBXContainerItemProxy */;
		};
		D0CB522625D3672E0097E588 /* PBXTargetDependency */ = {
			isa = PBXTargetDependency;
			target = D0CB520225D3672D0097E588 /* Flixter */;
			targetProxy = D0CB522525D3672E0097E588 /* PBXContainerItemProxy */;
		};
/* End PBXTargetDependency section */

/* Begin PBXVariantGroup section */
		D0CB520C25D3672D0097E588 /* Main.storyboard */ = {
			isa = PBXVariantGroup;
			children = (
				D0CB520D25D3672D0097E588 /* Base */,
			);
			name = Main.storyboard;
			sourceTree = "<group>";
		};
		D0CB521125D3672D0097E588 /* LaunchScreen.storyboard */ = {
			isa = PBXVariantGroup;
			children = (
				D0CB521225D3672D0097E588 /* Base */,
			);
			name = LaunchScreen.storyboard;
			sourceTree = "<group>";
		};
/* End PBXVariantGroup section */

/* Begin XCBuildConfiguration section */
		D0CB522B25D3672E0097E588 /* Debug */ = {
			isa = XCBuildConfiguration;
			buildSettings = {
				ALWAYS_SEARCH_USER_PATHS = NO;
				CLANG_ANALYZER_NONNULL = YES;
				CLANG_ANALYZER_NUMBER_OBJECT_CONVERSION = YES_AGGRESSIVE;
				CLANG_CXX_LANGUAGE_STANDARD = "gnu++14";
				CLANG_CXX_LIBRARY = "libc++";
				CLANG_ENABLE_MODULES = YES;
				CLANG_ENABLE_OBJC_ARC = YES;
				CLANG_ENABLE_OBJC_WEAK = YES;
				CLANG_WARN_BLOCK_CAPTURE_AUTORELEASING = YES;
				CLANG_WARN_BOOL_CONVERSION = YES;
				CLANG_WARN_COMMA = YES;
				CLANG_WARN_CONSTANT_CONVERSION = YES;
				CLANG_WARN_DEPRECATED_OBJC_IMPLEMENTATIONS = YES;
				CLANG_WARN_DIRECT_OBJC_ISA_USAGE = YES_ERROR;
				CLANG_WARN_DOCUMENTATION_COMMENTS = YES;
				CLANG_WARN_EMPTY_BODY = YES;
				CLANG_WARN_ENUM_CONVERSION = YES;
				CLANG_WARN_INFINITE_RECURSION = YES;
				CLANG_WARN_INT_CONVERSION = YES;
				CLANG_WARN_NON_LITERAL_NULL_CONVERSION = YES;
				CLANG_WARN_OBJC_IMPLICIT_RETAIN_SELF = YES;
				CLANG_WARN_OBJC_LITERAL_CONVERSION = YES;
				CLANG_WARN_OBJC_ROOT_CLASS = YES_ERROR;
				CLANG_WARN_QUOTED_INCLUDE_IN_FRAMEWORK_HEADER = YES;
				CLANG_WARN_RANGE_LOOP_ANALYSIS = YES;
				CLANG_WARN_STRICT_PROTOTYPES = YES;
				CLANG_WARN_SUSPICIOUS_MOVE = YES;
				CLANG_WARN_UNGUARDED_AVAILABILITY = YES_AGGRESSIVE;
				CLANG_WARN_UNREACHABLE_CODE = YES;
				CLANG_WARN__DUPLICATE_METHOD_MATCH = YES;
				COPY_PHASE_STRIP = NO;
				DEBUG_INFORMATION_FORMAT = dwarf;
				ENABLE_STRICT_OBJC_MSGSEND = YES;
				ENABLE_TESTABILITY = YES;
				GCC_C_LANGUAGE_STANDARD = gnu11;
				GCC_DYNAMIC_NO_PIC = NO;
				GCC_NO_COMMON_BLOCKS = YES;
				GCC_OPTIMIZATION_LEVEL = 0;
				GCC_PREPROCESSOR_DEFINITIONS = (
					"DEBUG=1",
					"$(inherited)",
				);
				GCC_WARN_64_TO_32_BIT_CONVERSION = YES;
				GCC_WARN_ABOUT_RETURN_TYPE = YES_ERROR;
				GCC_WARN_UNDECLARED_SELECTOR = YES;
				GCC_WARN_UNINITIALIZED_AUTOS = YES_AGGRESSIVE;
				GCC_WARN_UNUSED_FUNCTION = YES;
				GCC_WARN_UNUSED_VARIABLE = YES;
				IPHONEOS_DEPLOYMENT_TARGET = 14.4;
				MTL_ENABLE_DEBUG_INFO = INCLUDE_SOURCE;
				MTL_FAST_MATH = YES;
				ONLY_ACTIVE_ARCH = YES;
				SDKROOT = iphoneos;
				SWIFT_ACTIVE_COMPILATION_CONDITIONS = DEBUG;
				SWIFT_OPTIMIZATION_LEVEL = "-Onone";
			};
			name = Debug;
		};
		D0CB522C25D3672E0097E588 /* Release */ = {
			isa = XCBuildConfiguration;
			buildSettings = {
				ALWAYS_SEARCH_USER_PATHS = NO;
				CLANG_ANALYZER_NONNULL = YES;
				CLANG_ANALYZER_NUMBER_OBJECT_CONVERSION = YES_AGGRESSIVE;
				CLANG_CXX_LANGUAGE_STANDARD = "gnu++14";
				CLANG_CXX_LIBRARY = "libc++";
				CLANG_ENABLE_MODULES = YES;
				CLANG_ENABLE_OBJC_ARC = YES;
				CLANG_ENABLE_OBJC_WEAK = YES;
				CLANG_WARN_BLOCK_CAPTURE_AUTORELEASING = YES;
				CLANG_WARN_BOOL_CONVERSION = YES;
				CLANG_WARN_COMMA = YES;
				CLANG_WARN_CONSTANT_CONVERSION = YES;
				CLANG_WARN_DEPRECATED_OBJC_IMPLEMENTATIONS = YES;
				CLANG_WARN_DIRECT_OBJC_ISA_USAGE = YES_ERROR;
				CLANG_WARN_DOCUMENTATION_COMMENTS = YES;
				CLANG_WARN_EMPTY_BODY = YES;
				CLANG_WARN_ENUM_CONVERSION = YES;
				CLANG_WARN_INFINITE_RECURSION = YES;
				CLANG_WARN_INT_CONVERSION = YES;
				CLANG_WARN_NON_LITERAL_NULL_CONVERSION = YES;
				CLANG_WARN_OBJC_IMPLICIT_RETAIN_SELF = YES;
				CLANG_WARN_OBJC_LITERAL_CONVERSION = YES;
				CLANG_WARN_OBJC_ROOT_CLASS = YES_ERROR;
				CLANG_WARN_QUOTED_INCLUDE_IN_FRAMEWORK_HEADER = YES;
				CLANG_WARN_RANGE_LOOP_ANALYSIS = YES;
				CLANG_WARN_STRICT_PROTOTYPES = YES;
				CLANG_WARN_SUSPICIOUS_MOVE = YES;
				CLANG_WARN_UNGUARDED_AVAILABILITY = YES_AGGRESSIVE;
				CLANG_WARN_UNREACHABLE_CODE = YES;
				CLANG_WARN__DUPLICATE_METHOD_MATCH = YES;
				COPY_PHASE_STRIP = NO;
				DEBUG_INFORMATION_FORMAT = "dwarf-with-dsym";
				ENABLE_NS_ASSERTIONS = NO;
				ENABLE_STRICT_OBJC_MSGSEND = YES;
				GCC_C_LANGUAGE_STANDARD = gnu11;
				GCC_NO_COMMON_BLOCKS = YES;
				GCC_WARN_64_TO_32_BIT_CONVERSION = YES;
				GCC_WARN_ABOUT_RETURN_TYPE = YES_ERROR;
				GCC_WARN_UNDECLARED_SELECTOR = YES;
				GCC_WARN_UNINITIALIZED_AUTOS = YES_AGGRESSIVE;
				GCC_WARN_UNUSED_FUNCTION = YES;
				GCC_WARN_UNUSED_VARIABLE = YES;
				IPHONEOS_DEPLOYMENT_TARGET = 14.4;
				MTL_ENABLE_DEBUG_INFO = NO;
				MTL_FAST_MATH = YES;
				SDKROOT = iphoneos;
				SWIFT_COMPILATION_MODE = wholemodule;
				SWIFT_OPTIMIZATION_LEVEL = "-O";
				VALIDATE_PRODUCT = YES;
			};
			name = Release;
		};
		D0CB522E25D3672E0097E588 /* Debug */ = {
			isa = XCBuildConfiguration;
			baseConfigurationReference = 16FAB242E4F24ED628CBE6A5 /* Pods-Flixter.debug.xcconfig */;
			buildSettings = {
				ASSETCATALOG_COMPILER_APPICON_NAME = AppIcon;
				ASSETCATALOG_COMPILER_GLOBAL_ACCENT_COLOR_NAME = AccentColor;
				CODE_SIGN_STYLE = Automatic;
				DEVELOPMENT_TEAM = P5K8TA2LRA;
				INFOPLIST_FILE = Flixter/Info.plist;
				LD_RUNPATH_SEARCH_PATHS = (
					"$(inherited)",
					"@executable_path/Frameworks",
				);
				PRODUCT_BUNDLE_IDENTIFIER = ShaniaJoseph.Flixter;
				PRODUCT_NAME = "$(TARGET_NAME)";
				SWIFT_VERSION = 5.0;
				TARGETED_DEVICE_FAMILY = "1,2";
			};
			name = Debug;
		};
		D0CB522F25D3672E0097E588 /* Release */ = {
			isa = XCBuildConfiguration;
			baseConfigurationReference = BECE73B13335588B749B59C4 /* Pods-Flixter.release.xcconfig */;
			buildSettings = {
				ASSETCATALOG_COMPILER_APPICON_NAME = AppIcon;
				ASSETCATALOG_COMPILER_GLOBAL_ACCENT_COLOR_NAME = AccentColor;
				CODE_SIGN_STYLE = Automatic;
				DEVELOPMENT_TEAM = P5K8TA2LRA;
				INFOPLIST_FILE = Flixter/Info.plist;
				LD_RUNPATH_SEARCH_PATHS = (
					"$(inherited)",
					"@executable_path/Frameworks",
				);
				PRODUCT_BUNDLE_IDENTIFIER = ShaniaJoseph.Flixter;
				PRODUCT_NAME = "$(TARGET_NAME)";
				SWIFT_VERSION = 5.0;
				TARGETED_DEVICE_FAMILY = "1,2";
			};
			name = Release;
		};
		D0CB523125D3672E0097E588 /* Debug */ = {
			isa = XCBuildConfiguration;
			baseConfigurationReference = 797EE0536EA8A66210190D70 /* Pods-FlixterTests.debug.xcconfig */;
			buildSettings = {
				ALWAYS_EMBED_SWIFT_STANDARD_LIBRARIES = YES;
				BUNDLE_LOADER = "$(TEST_HOST)";
				CODE_SIGN_STYLE = Automatic;
				DEVELOPMENT_TEAM = P5K8TA2LRA;
				INFOPLIST_FILE = FlixterTests/Info.plist;
				IPHONEOS_DEPLOYMENT_TARGET = 14.4;
				LD_RUNPATH_SEARCH_PATHS = (
					"$(inherited)",
					"@executable_path/Frameworks",
					"@loader_path/Frameworks",
				);
				PRODUCT_BUNDLE_IDENTIFIER = ShaniaJoseph.FlixterTests;
				PRODUCT_NAME = "$(TARGET_NAME)";
				SWIFT_VERSION = 5.0;
				TARGETED_DEVICE_FAMILY = "1,2";
				TEST_HOST = "$(BUILT_PRODUCTS_DIR)/Flixter.app/Flixter";
			};
			name = Debug;
		};
		D0CB523225D3672E0097E588 /* Release */ = {
			isa = XCBuildConfiguration;
			baseConfigurationReference = 766C4665600213F1D4D69F7B /* Pods-FlixterTests.release.xcconfig */;
			buildSettings = {
				ALWAYS_EMBED_SWIFT_STANDARD_LIBRARIES = YES;
				BUNDLE_LOADER = "$(TEST_HOST)";
				CODE_SIGN_STYLE = Automatic;
				DEVELOPMENT_TEAM = P5K8TA2LRA;
				INFOPLIST_FILE = FlixterTests/Info.plist;
				IPHONEOS_DEPLOYMENT_TARGET = 14.4;
				LD_RUNPATH_SEARCH_PATHS = (
					"$(inherited)",
					"@executable_path/Frameworks",
					"@loader_path/Frameworks",
				);
				PRODUCT_BUNDLE_IDENTIFIER = ShaniaJoseph.FlixterTests;
				PRODUCT_NAME = "$(TARGET_NAME)";
				SWIFT_VERSION = 5.0;
				TARGETED_DEVICE_FAMILY = "1,2";
				TEST_HOST = "$(BUILT_PRODUCTS_DIR)/Flixter.app/Flixter";
			};
			name = Release;
		};
		D0CB523425D3672E0097E588 /* Debug */ = {
			isa = XCBuildConfiguration;
			baseConfigurationReference = 4141F0D0062C559D8B2B11A5 /* Pods-Flixter-FlixterUITests.debug.xcconfig */;
			buildSettings = {
				ALWAYS_EMBED_SWIFT_STANDARD_LIBRARIES = YES;
				CODE_SIGN_STYLE = Automatic;
				DEVELOPMENT_TEAM = P5K8TA2LRA;
				INFOPLIST_FILE = FlixterUITests/Info.plist;
				LD_RUNPATH_SEARCH_PATHS = (
					"$(inherited)",
					"@executable_path/Frameworks",
					"@loader_path/Frameworks",
				);
				PRODUCT_BUNDLE_IDENTIFIER = ShaniaJoseph.FlixterUITests;
				PRODUCT_NAME = "$(TARGET_NAME)";
				SWIFT_VERSION = 5.0;
				TARGETED_DEVICE_FAMILY = "1,2";
				TEST_TARGET_NAME = Flixter;
			};
			name = Debug;
		};
		D0CB523525D3672E0097E588 /* Release */ = {
			isa = XCBuildConfiguration;
			baseConfigurationReference = 0A223F64DAD56B913320A85E /* Pods-Flixter-FlixterUITests.release.xcconfig */;
			buildSettings = {
				ALWAYS_EMBED_SWIFT_STANDARD_LIBRARIES = YES;
				CODE_SIGN_STYLE = Automatic;
				DEVELOPMENT_TEAM = P5K8TA2LRA;
				INFOPLIST_FILE = FlixterUITests/Info.plist;
				LD_RUNPATH_SEARCH_PATHS = (
					"$(inherited)",
					"@executable_path/Frameworks",
					"@loader_path/Frameworks",
				);
				PRODUCT_BUNDLE_IDENTIFIER = ShaniaJoseph.FlixterUITests;
				PRODUCT_NAME = "$(TARGET_NAME)";
				SWIFT_VERSION = 5.0;
				TARGETED_DEVICE_FAMILY = "1,2";
				TEST_TARGET_NAME = Flixter;
			};
			name = Release;
		};
/* End XCBuildConfiguration section */

/* Begin XCConfigurationList section */
		D0CB51FE25D3672C0097E588 /* Build configuration list for PBXProject "Flixter" */ = {
			isa = XCConfigurationList;
			buildConfigurations = (
				D0CB522B25D3672E0097E588 /* Debug */,
				D0CB522C25D3672E0097E588 /* Release */,
			);
			defaultConfigurationIsVisible = 0;
			defaultConfigurationName = Release;
		};
		D0CB522D25D3672E0097E588 /* Build configuration list for PBXNativeTarget "Flixter" */ = {
			isa = XCConfigurationList;
			buildConfigurations = (
				D0CB522E25D3672E0097E588 /* Debug */,
				D0CB522F25D3672E0097E588 /* Release */,
			);
			defaultConfigurationIsVisible = 0;
			defaultConfigurationName = Release;
		};
		D0CB523025D3672E0097E588 /* Build configuration list for PBXNativeTarget "FlixterTests" */ = {
			isa = XCConfigurationList;
			buildConfigurations = (
				D0CB523125D3672E0097E588 /* Debug */,
				D0CB523225D3672E0097E588 /* Release */,
			);
			defaultConfigurationIsVisible = 0;
			defaultConfigurationName = Release;
		};
		D0CB523325D3672E0097E588 /* Build configuration list for PBXNativeTarget "FlixterUITests" */ = {
			isa = XCConfigurationList;
			buildConfigurations = (
				D0CB523425D3672E0097E588 /* Debug */,
				D0CB523525D3672E0097E588 /* Release */,
			);
			defaultConfigurationIsVisible = 0;
			defaultConfigurationName = Release;
		};
/* End XCConfigurationList section */
	};
	rootObject = D0CB51FB25D3672C0097E588 /* Project object */;
}
